
Microsoft Visual Studio Solution File, Format Version 12.00
# Visual Studio 15
VisualStudioVersion = 15.0.27703.2018
MinimumVisualStudioVersion = 10.0.40219.1
Project("{FAE04EC0-301F-11D3-BF4B-00C04F79EFBC}") = "HelloAccrington", "HelloAccrington\HelloAccrington.csproj", "{BACE2EF7-9B0F-45C8-ABFD-650AD74A5D1D}"
EndProject
Global
	GlobalSection(SolutionConfigurationPlatforms) = preSolution
		Debug|Any CPU = Debug|Any CPU
		Release|Any CPU = Release|Any CPU
	EndGlobalSection
	GlobalSection(ProjectConfigurationPlatforms) = postSolution
		{BACE2EF7-9B0F-45C8-ABFD-650AD74A5D1D}.Debug|Any CPU.ActiveCfg = Debug|Any CPU
		{BACE2EF7-9B0F-45C8-ABFD-650AD74A5D1D}.Debug|Any CPU.Build.0 = Debug|Any CPU
		{BACE2EF7-9B0F-45C8-ABFD-650AD74A5D1D}.Release|Any CPU.ActiveCfg = Release|Any CPU
		{BACE2EF7-9B0F-45C8-ABFD-650AD74A5D1D}.Release|Any CPU.Build.0 = Release|Any CPU
	EndGlobalSection
	GlobalSection(SolutionProperties) = preSolution
		HideSolutionNode = FALSE
	EndGlobalSection
	GlobalSection(ExtensibilityGlobals) = postSolution
		SolutionGuid = {093C4EE8-057E-4551-A9D4-2B63120EB3BF}
	EndGlobalSection
EndGlobal
